{
  "name": "proto",
  "lockfileVersion": 3,
  "requires": true,
  "packages": {
    "": {
      "dependencies": {
        "@bufbuild/buf": "^1.62.1",
        "@bufbuild/protobuf": "^2.10.2"
      }
    },
    "node_modules/@bufbuild/buf": {
      "version": "1.66.0",
      "resolved": "https://registry.npmjs.org/@bufbuild/buf/-/buf-1.66.0.tgz",
      "integrity": "sha512-JSZT6OT8uKG2frScYNOS3Y4E+7wg1KSPQMKfLlbZZFnBoXwMqDdsxQF7O5ucameU+3DKRs+yQFI8tNQjFJ5T2g==",
      "hasInstallScript": true,
      "license": "Apache-2.0",
      "bin": {
        "buf": "bin/buf",
        "protoc-gen-buf-breaking": "bin/protoc-gen-buf-breaking",
        "protoc-gen-buf-lint": "bin/protoc-gen-buf-lint"
      },
      "engines": {
        "node": ">=12"
      },
      "optionalDependencies": {
        "@bufbuild/buf-darwin-arm64": "1.66.0",
        "@bufbuild/buf-darwin-x64": "1.66.0",
        "@bufbuild/buf-linux-aarch64": "1.66.0",
        "@bufbuild/buf-linux-armv7": "1.66.0",
        "@bufbuild/buf-linux-x64": "1.66.0",
        "@bufbuild/buf-win32-arm64": "1.66.0",
        "@bufbuild/buf-win32-x64": "1.66.0"
      }
    },
    "node_modules/@bufbuild/buf-darwin-arm64": {
      "version": "1.66.0",
      "resolved": "https://registry.npmjs.org/@bufbuild/buf-darwin-arm64/-/buf-darwin-arm64-1.66.0.tgz",
      "integrity": "sha512-C9orXX4SSVYKEumWFEO2T6xKrXsrvij0uS8kR20sHt9MYuFke14y6DfnAvXINPZrNpDiyOTldG7BPQtR40poRw==",
      "cpu": [
        "arm64"
      ],
      "license": "Apache-2.0",
      "optional": true,
      "os": [
        "darwin"
      ],
      "engines": {
        "node": ">=12"
      }
    },
    "node_modules/@bufbuild/buf-darwin-x64": {
      "version": "1.66.0",
      "resolved": "https://registry.npmjs.org/@bufbuild/buf-darwin-x64/-/buf-darwin-x64-1.66.0.tgz",
      "integrity": "sha512-5I33S9UbimoBNCpOdMsmJHcW9NfxzKW5PsVrSyajpo+LL22Lfyha2ZO3JNhT/k3ZlGVvtpDAS9pRS0ouNKmGgA==",
      "cpu": [
        "x64"
      ],
      "license": "Apache-2.0",
      "optional": true,
      "os": [
        "darwin"
      ],
      "engines": {
        "node": ">=12"
      }
    },
    "node_modules/@bufbuild/buf-linux-aarch64": {
      "version": "1.66.0",
      "resolved": "https://registry.npmjs.org/@bufbuild/buf-linux-aarch64/-/buf-linux-aarch64-1.66.0.tgz",
      "integrity": "sha512-KFz9HukP3ACKfSe0fo+XbxndQR0kKCVLVfUkoc6qPUTrKn9lACnah6HlUtBlwanK95vg+MIMvy0DWoLYUX9cuA==",
      "cpu": [
        "arm64"
      ],
      "license": "Apache-2.0",
      "optional": true,
      "os": [
        "linux"
      ],
      "engines": {
        "node": ">=12"
      }
    },
    "node_modules/@bufbuild/buf-linux-armv7": {
      "version": "1.66.0",
      "resolved": "https://registry.npmjs.org/@bufbuild/buf-linux-armv7/-/buf-linux-armv7-1.66.0.tgz",
      "integrity": "sha512-W56iEZtnqB4ww9JCyhIipPrwZVe/zQ5I0pmWrJF8Daw67qvRYtvP3NSxtF5f0yAoB0tQAXDoqIiB/Ypl1UOz0g==",
      "cpu": [
        "arm"
      ],
      "license": "Apache-2.0",
      "optional": true,
      "os": [
        "linux"
      ],
      "engines": {
        "node": ">=12"
      }
    },
    "node_modules/@bufbuild/buf-linux-x64": {
      "version": "1.66.0",
      "resolved": "https://registry.npmjs.org/@bufbuild/buf-linux-x64/-/buf-linux-x64-1.66.0.tgz",
      "integrity": "sha512-6AYYyc2O32jnDjjHbyW9Oqcehd+PMw+34qVo+wGfaEgGwC+fyoL2oxcEmzsPyEvhY4mkYJRXaCb8p90Ndzd2vQ==",
      "cpu": [
        "x64"
      ],
      "license": "Apache-2.0",
      "optional": true,
      "os": [
        "linux"
      ],
      "engines": {
        "node": ">=12"
      }
    },
    "node_modules/@bufbuild/buf-win32-arm64": {
      "version": "1.66.0",
      "resolved": "https://registry.npmjs.org/@bufbuild/buf-win32-arm64/-/buf-win32-arm64-1.66.0.tgz",
      "integrity": "sha512-S+CD5NZ6q0HCI0g0PTVypjSQ63LsLm1Svd7yG1MjKz9mQ83Vl6rYXuzmYYVi2cww7w5tDew8sYASZETewvEuxg==",
      "cpu": [
        "arm64"
      ],
      "license": "Apache-2.0",
      "optional": true,
      "os": [
        "win32"
      ],
      "engines": {
        "node": ">=12"
      }
    },
    "node_modules/@bufbuild/buf-win32-x64": {
      "version": "1.66.0",
      "resolved": "https://registry.npmjs.org/@bufbuild/buf-win32-x64/-/buf-win32-x64-1.66.0.tgz",
      "integrity": "sha512-uSPoWRaX8Qd5pHZt6zzRuZXr4Sdbqe4Pm1PmMax/SGUPacVpH1v9AGX1/BTgx+g+b4vLS5T4SGxTl9ngkQaY3Q==",
      "cpu": [
        "x64"
      ],
      "license": "Apache-2.0",
      "optional": true,
      "os": [
        "win32"
      ],
      "engines": {
        "node": ">=12"
      }
    },
    "node_modules/@bufbuild/protobuf": {
      "version": "2.11.0",
      "resolved": "https://registry.npmjs.org/@bufbuild/protobuf/-/protobuf-2.11.0.tgz",
      "integrity": "sha512-sBXGT13cpmPR5BMgHE6UEEfEaShh5Ror6rfN3yEK5si7QVrtZg8LEPQb0VVhiLRUslD2yLnXtnRzG035J/mZXQ==",
      "license": "(Apache-2.0 AND BSD-3-Clause)"
    }
  }
}
